// !$*UTF8*$!
{
	archiveVersion = 1;
	classes = {
	};
	objectVersion = 50;
	objects = {

/* Begin PBXBuildFile section */
		6952F38B212E6FF0002F6882 /* AppDelegate.swift in Sources */ = {isa = PBXBuildFile; fileRef = 6952F38A212E6FF0002F6882 /* AppDelegate.swift */; };
		6952F38D212E6FF0002F6882 /* LoginController.swift in Sources */ = {isa = PBXBuildFile; fileRef = 6952F38C212E6FF0002F6882 /* LoginController.swift */; };
		6952F392212E6FF1002F6882 /* Assets.xcassets in Resources */ = {isa = PBXBuildFile; fileRef = 6952F391212E6FF1002F6882 /* Assets.xcassets */; };
		6952F395212E6FF1002F6882 /* LaunchScreen.storyboard in Resources */ = {isa = PBXBuildFile; fileRef = 6952F393212E6FF1002F6882 /* LaunchScreen.storyboard */; };
		6952F39D212E72E8002F6882 /* LoginView.swift in Sources */ = {isa = PBXBuildFile; fileRef = 6952F39C212E72E8002F6882 /* LoginView.swift */; };
		6952F39F212E73FD002F6882 /* Extension.swift in Sources */ = {isa = PBXBuildFile; fileRef = 6952F39E212E73FD002F6882 /* Extension.swift */; };
		69918E40212EA0D300C02716 /* UITextFieldExtension.swift in Sources */ = {isa = PBXBuildFile; fileRef = 69918E3F212EA0D300C02716 /* UITextFieldExtension.swift */; };
		69918E42212EA23D00C02716 /* UIColorExtension.swift in Sources */ = {isa = PBXBuildFile; fileRef = 69918E41212EA23D00C02716 /* UIColorExtension.swift */; };
		69918E44212EA34600C02716 /* UIButtonExtension.swift in Sources */ = {isa = PBXBuildFile; fileRef = 69918E43212EA34600C02716 /* UIButtonExtension.swift */; };
		69918E46212EA44600C02716 /* UIStackViewExtension.swift in Sources */ = {isa = PBXBuildFile; fileRef = 69918E45212EA44600C02716 /* UIStackViewExtension.swift */; };
		69918E48212EA70F00C02716 /* SignUpViewController.swift in Sources */ = {isa = PBXBuildFile; fileRef = 69918E47212EA70F00C02716 /* SignUpViewController.swift */; };
		69918E4A212EA74200C02716 /* SignUpView.swift in Sources */ = {isa = PBXBuildFile; fileRef = 69918E49212EA74200C02716 /* SignUpView.swift */; };
/* End PBXBuildFile section */

/* Begin PBXFileReference section */
		6952F387212E6FF0002F6882 /* LoginView.app */ = {isa = PBXFileReference; explicitFileType = wrapper.application; includeInIndex = 0; path = LoginView.app; sourceTree = BUILT_PRODUCTS_DIR; };
		6952F38A212E6FF0002F6882 /* AppDelegate.swift */ = {isa = PBXFileReference; lastKnownFileType = sourcecode.swift; path = AppDelegate.swift; sourceTree = "<group>"; };
		6952F38C212E6FF0002F6882 /* LoginController.swift */ = {isa = PBXFileReference; lastKnownFileType = sourcecode.swift; path = LoginController.swift; sourceTree = "<group>"; };
		6952F391212E6FF1002F6882 /* Assets.xcassets */ = {isa = PBXFileReference; lastKnownFileType = folder.assetcatalog; path = Assets.xcassets; sourceTree = "<group>"; };
		6952F394212E6FF1002F6882 /* Base */ = {isa = PBXFileReference; lastKnownFileType = file.storyboard; name = Base; path = Base.lproj/LaunchScreen.storyboard; sourceTree = "<group>"; };
		6952F396212E6FF1002F6882 /* Info.plist */ = {isa = PBXFileReference; lastKnownFileType = text.plist.xml; path = Info.plist; sourceTree = "<group>"; };
		6952F39C212E72E8002F6882 /* LoginView.swift */ = {isa = PBXFileReference; lastKnownFileType = sourcecode.swift; path = LoginView.swift; sourceTree = "<group>"; };
		6952F39E212E73FD002F6882 /* Extension.swift */ = {isa = PBXFileReference; lastKnownFileType = sourcecode.swift; path = Extension.swift; sourceTree = "<group>"; };
		69918E3F212EA0D300C02716 /* UITextFieldExtension.swift */ = {isa = PBXFileReference; lastKnownFileType = sourcecode.swift; path = UITextFieldExtension.swift; sourceTree = "<group>"; };
		69918E41212EA23D00C02716 /* UIColorExtension.swift */ = {isa = PBXFileReference; lastKnownFileType = sourcecode.swift; path = UIColorExtension.swift; sourceTree = "<group>"; };
		69918E43212EA34600C02716 /* UIButtonExtension.swift */ = {isa = PBXFileReference; lastKnownFileType = sourcecode.swift; path = UIButtonExtension.swift; sourceTree = "<group>"; };
		69918E45212EA44600C02716 /* UIStackViewExtension.swift */ = {isa = PBXFileReference; lastKnownFileType = sourcecode.swift; path = UIStackViewExtension.swift; sourceTree = "<group>"; };
		69918E47212EA70F00C02716 /* SignUpViewController.swift */ = {isa = PBXFileReference; lastKnownFileType = sourcecode.swift; path = SignUpViewController.swift; sourceTree = "<group>"; };
		69918E49212EA74200C02716 /* SignUpView.swift */ = {isa = PBXFileReference; lastKnownFileType = sourcecode.swift; path = SignUpView.swift; sourceTree = "<group>"; };
/* End PBXFileReference section */

/* Begin PBXFrameworksBuildPhase section */
		6952F384212E6FF0002F6882 /* Frameworks */ = {
			isa = PBXFrameworksBuildPhase;
			buildActionMask = 2147483647;
			files = (
			);
			runOnlyForDeploymentPostprocessing = 0;
		};
/* End PBXFrameworksBuildPhase section */

/* Begin PBXGroup section */
		6952F37E212E6FF0002F6882 = {
			isa = PBXGroup;
			children = (
				6952F389212E6FF0002F6882 /* LoginView */,
				6952F388212E6FF0002F6882 /* Products */,
			);
			sourceTree = "<group>";
		};
		6952F388212E6FF0002F6882 /* Products */ = {
			isa = PBXGroup;
			children = (
				6952F387212E6FF0002F6882 /* LoginView.app */,
			);
			name = Products;
			sourceTree = "<group>";
		};
		6952F389212E6FF0002F6882 /* LoginView */ = {
			isa = PBXGroup;
			children = (
				69918E3E212EA06C00C02716 /* Controller */,
				69918E3D212EA06300C02716 /* View */,
				69918E3B212EA02600C02716 /* Extensions */,
				6952F38A212E6FF0002F6882 /* AppDelegate.swift */,
				6952F391212E6FF1002F6882 /* Assets.xcassets */,
				6952F393212E6FF1002F6882 /* LaunchScreen.storyboard */,
				6952F396212E6FF1002F6882 /* Info.plist */,
			);
			path = LoginView;
			sourceTree = "<group>";
		};
		69918E3B212EA02600C02716 /* Extensions */ = {
			isa = PBXGroup;
			children = (
				6952F39E212E73FD002F6882 /* Extension.swift */,
				69918E3F212EA0D300C02716 /* UITextFieldExtension.swift */,
				69918E41212EA23D00C02716 /* UIColorExtension.swift */,
				69918E43212EA34600C02716 /* UIButtonExtension.swift */,
				69918E45212EA44600C02716 /* UIStackViewExtension.swift */,
			);
			path = Extensions;
			sourceTree = "<group>";
		};
		69918E3D212EA06300C02716 /* View */ = {
			isa = PBXGroup;
			children = (
				6952F39C212E72E8002F6882 /* LoginView.swift */,
				69918E49212EA74200C02716 /* SignUpView.swift */,
			);
			path = View;
			sourceTree = "<group>";
		};
		69918E3E212EA06C00C02716 /* Controller */ = {
			isa = PBXGroup;
			children = (
				6952F38C212E6FF0002F6882 /* LoginController.swift */,
				69918E47212EA70F00C02716 /* SignUpViewController.swift */,
			);
			path = Controller;
			sourceTree = "<group>";
		};
/* End PBXGroup section */

/* Begin PBXNativeTarget section */
		6952F386212E6FF0002F6882 /* LoginView */ = {
			isa = PBXNativeTarget;
			buildConfigurationList = 6952F399212E6FF1002F6882 /* Build configuration list for PBXNativeTarget "LoginView" */;
			buildPhases = (
				6952F383212E6FF0002F6882 /* Sources */,
				6952F384212E6FF0002F6882 /* Frameworks */,
				6952F385212E6FF0002F6882 /* Resources */,
			);
			buildRules = (
			);
			dependencies = (
			);
			name = LoginView;
			productName = LoginView;
			productReference = 6952F387212E6FF0002F6882 /* LoginView.app */;
			productType = "com.apple.product-type.application";
		};
/* End PBXNativeTarget section */

/* Begin PBXProject section */
		6952F37F212E6FF0002F6882 /* Project object */ = {
			isa = PBXProject;
			attributes = {
				LastSwiftUpdateCheck = 0940;
				LastUpgradeCheck = 0940;
				ORGANIZATIONNAME = "Innovation Bdg";
				TargetAttributes = {
					6952F386212E6FF0002F6882 = {
						CreatedOnToolsVersion = 9.4.1;
					};
				};
			};
			buildConfigurationList = 6952F382212E6FF0002F6882 /* Build configuration list for PBXProject "LoginView" */;
			compatibilityVersion = "Xcode 9.3";
			developmentRegion = en;
			hasScannedForEncodings = 0;
			knownRegions = (
				en,
				Base,
			);
			mainGroup = 6952F37E212E6FF0002F6882;
			productRefGroup = 6952F388212E6FF0002F6882 /* Products */;
			projectDirPath = "";
			projectRoot = "";
			targets = (
				6952F386212E6FF0002F6882 /* LoginView */,
			);
		};
/* End PBXProject section */

/* Begin PBXResourcesBuildPhase section */
		6952F385212E6FF0002F6882 /* Resources */ = {
			isa = PBXResourcesBuildPhase;
			buildActionMask = 2147483647;
			files = (
				6952F395212E6FF1002F6882 /* LaunchScreen.storyboard in Resources */,
				6952F392212E6FF1002F6882 /* Assets.xcassets in Resources */,
			);
			runOnlyForDeploymentPostprocessing = 0;
		};
/* End PBXResourcesBuildPhase section */

/* Begin PBXSourcesBuildPhase section */
		6952F383212E6FF0002F6882 /* Sources */ = {
			isa = PBXSourcesBuildPhase;
			buildActionMask = 2147483647;
			files = (
				69918E40212EA0D300C02716 /* UITextFieldExtension.swift in Sources */,
				69918E46212EA44600C02716 /* UIStackViewExtension.swift in Sources */,
				6952F39D212E72E8002F6882 /* LoginView.swift in Sources */,
				6952F38D212E6FF0002F6882 /* LoginController.swift in Sources */,
				6952F38B212E6FF0002F6882 /* AppDelegate.swift in Sources */,
				69918E44212EA34600C02716 /* UIButtonExtension.swift in Sources */,
				69918E4A212EA74200C02716 /* SignUpView.swift in Sources */,
				6952F39F212E73FD002F6882 /* Extension.swift in Sources */,
				69918E48212EA70F00C02716 /* SignUpViewController.swift in Sources */,
				69918E42212EA23D00C02716 /* UIColorExtension.swift in Sources */,
			);
			runOnlyForDeploymentPostprocessing = 0;
		};
/* End PBXSourcesBuildPhase section */

/* Begin PBXVariantGroup section */
		6952F393212E6FF1002F6882 /* LaunchScreen.storyboard */ = {
			isa = PBXVariantGroup;
			children = (
				6952F394212E6FF1002F6882 /* Base */,
			);
			name = LaunchScreen.storyboard;
			sourceTree = "<group>";
		};
/* End PBXVariantGroup section */

/* Begin XCBuildConfiguration section */
		6952F397212E6FF1002F6882 /* Debug */ = {
			isa = XCBuildConfiguration;
			buildSettings = {
				ALWAYS_SEARCH_USER_PATHS = NO;
				CLANG_ANALYZER_NONNULL = YES;
				CLANG_ANALYZER_NUMBER_OBJECT_CONVERSION = YES_AGGRESSIVE;
				CLANG_CXX_LANGUAGE_STANDARD = "gnu++14";
				CLANG_CXX_LIBRARY = "libc++";
				CLANG_ENABLE_MODULES = YES;
				CLANG_ENABLE_OBJC_ARC = YES;
				CLANG_ENABLE_OBJC_WEAK = YES;
				CLANG_WARN_BLOCK_CAPTURE_AUTORELEASING = YES;
				CLANG_WARN_BOOL_CONVERSION = YES;
				CLANG_WARN_COMMA = YES;
				CLANG_WARN_CONSTANT_CONVERSION = YES;
				CLANG_WARN_DEPRECATED_OBJC_IMPLEMENTATIONS = YES;
				CLANG_WARN_DIRECT_OBJC_ISA_USAGE = YES_ERROR;
				CLANG_WARN_DOCUMENTATION_COMMENTS = YES;
				CLANG_WARN_EMPTY_BODY = YES;
				CLANG_WARN_ENUM_CONVERSION = YES;
				CLANG_WARN_INFINITE_RECURSION = YES;
				CLANG_WARN_INT_CONVERSION = YES;
				CLANG_WARN_NON_LITERAL_NULL_CONVERSION = YES;
				CLANG_WARN_OBJC_IMPLICIT_RETAIN_SELF = YES;
				CLANG_WARN_OBJC_LITERAL_CONVERSION = YES;
				CLANG_WARN_OBJC_ROOT_CLASS = YES_ERROR;
				CLANG_WARN_RANGE_LOOP_ANALYSIS = YES;
				CLANG_WARN_STRICT_PROTOTYPES = YES;
				CLANG_WARN_SUSPICIOUS_MOVE = YES;
				CLANG_WARN_UNGUARDED_AVAILABILITY = YES_AGGRESSIVE;
				CLANG_WARN_UNREACHABLE_CODE = YES;
				CLANG_WARN__DUPLICATE_METHOD_MATCH = YES;
				CODE_SIGN_IDENTITY = "iPhone Developer";
				COPY_PHASE_STRIP = NO;
				DEBUG_INFORMATION_FORMAT = dwarf;
				ENABLE_STRICT_OBJC_MSGSEND = YES;
				ENABLE_TESTABILITY = YES;
				GCC_C_LANGUAGE_STANDARD = gnu11;
				GCC_DYNAMIC_NO_PIC = NO;
				GCC_NO_COMMON_BLOCKS = YES;
				GCC_OPTIMIZATION_LEVEL = 0;
				GCC_PREPROCESSOR_DEFINITIONS = (
					"DEBUG=1",
					"$(inherited)",
				);
				GCC_WARN_64_TO_32_BIT_CONVERSION = YES;
				GCC_WARN_ABOUT_RETURN_TYPE = YES_ERROR;
				GCC_WARN_UNDECLARED_SELECTOR = YES;
				GCC_WARN_UNINITIALIZED_AUTOS = YES_AGGRESSIVE;
				GCC_WARN_UNUSED_FUNCTION = YES;
				GCC_WARN_UNUSED_VARIABLE = YES;
				IPHONEOS_DEPLOYMENT_TARGET = 11.4;
				MTL_ENABLE_DEBUG_INFO = YES;
				ONLY_ACTIVE_ARCH = YES;
				SDKROOT = iphoneos;
				SWIFT_ACTIVE_COMPILATION_CONDITIONS = DEBUG;
				SWIFT_OPTIMIZATION_LEVEL = "-Onone";
			};
			name = Debug;
		};
		6952F398212E6FF1002F6882 /* Release */ = {
			isa = XCBuildConfiguration;
			buildSettings = {
				ALWAYS_SEARCH_USER_PATHS = NO;
				CLANG_ANALYZER_NONNULL = YES;
				CLANG_ANALYZER_NUMBER_OBJECT_CONVERSION = YES_AGGRESSIVE;
				CLANG_CXX_LANGUAGE_STANDARD = "gnu++14";
				CLANG_CXX_LIBRARY = "libc++";
				CLANG_ENABLE_MODULES = YES;
				CLANG_ENABLE_OBJC_ARC = YES;
				CLANG_ENABLE_OBJC_WEAK = YES;
				CLANG_WARN_BLOCK_CAPTURE_AUTORELEASING = YES;
				CLANG_WARN_BOOL_CONVERSION = YES;
				CLANG_WARN_COMMA = YES;
				CLANG_WARN_CONSTANT_CONVERSION = YES;
				CLANG_WARN_DEPRECATED_OBJC_IMPLEMENTATIONS = YES;
				CLANG_WARN_DIRECT_OBJC_ISA_USAGE = YES_ERROR;
				CLANG_WARN_DOCUMENTATION_COMMENTS = YES;
				CLANG_WARN_EMPTY_BODY = YES;
				CLANG_WARN_ENUM_CONVERSION = YES;
				CLANG_WARN_INFINITE_RECURSION = YES;
				CLANG_WARN_INT_CONVERSION = YES;
				CLANG_WARN_NON_LITERAL_NULL_CONVERSION = YES;
				CLANG_WARN_OBJC_IMPLICIT_RETAIN_SELF = YES;
				CLANG_WARN_OBJC_LITERAL_CONVERSION = YES;
				CLANG_WARN_OBJC_ROOT_CLASS = YES_ERROR;
				CLANG_WARN_RANGE_LOOP_ANALYSIS = YES;
				CLANG_WARN_STRICT_PROTOTYPES = YES;
				CLANG_WARN_SUSPICIOUS_MOVE = YES;
				CLANG_WARN_UNGUARDED_AVAILABILITY = YES_AGGRESSIVE;
				CLANG_WARN_UNREACHABLE_CODE = YES;
				CLANG_WARN__DUPLICATE_METHOD_MATCH = YES;
				CODE_SIGN_IDENTITY = "iPhone Developer";
				COPY_PHASE_STRIP = NO;
				DEBUG_INFORMATION_FORMAT = "dwarf-with-dsym";
				ENABLE_NS_ASSERTIONS = NO;
				ENABLE_STRICT_OBJC_MSGSEND = YES;
				GCC_C_LANGUAGE_STANDARD = gnu11;
				GCC_NO_COMMON_BLOCKS = YES;
				GCC_WARN_64_TO_32_BIT_CONVERSION = YES;
				GCC_WARN_ABOUT_RETURN_TYPE = YES_ERROR;
				GCC_WARN_UNDECLARED_SELECTOR = YES;
				GCC_WARN_UNINITIALIZED_AUTOS = YES_AGGRESSIVE;
				GCC_WARN_UNUSED_FUNCTION = YES;
				GCC_WARN_UNUSED_VARIABLE = YES;
				IPHONEOS_DEPLOYMENT_TARGET = 11.4;
				MTL_ENABLE_DEBUG_INFO = NO;
				SDKROOT = iphoneos;
				SWIFT_COMPILATION_MODE = wholemodule;
				SWIFT_OPTIMIZATION_LEVEL = "-O";
				VALIDATE_PRODUCT = YES;
			};
			name = Release;
		};
		6952F39A212E6FF1002F6882 /* Debug */ = {
			isa = XCBuildConfiguration;
			buildSettings = {
				ASSETCATALOG_COMPILER_APPICON_NAME = AppIcon;
				CODE_SIGN_STYLE = Automatic;
				DEVELOPMENT_TEAM = "";
				INFOPLIST_FILE = LoginView/Info.plist;
				LD_RUNPATH_SEARCH_PATHS = (
					"$(inherited)",
					"@executable_path/Frameworks",
				);
				PRODUCT_BUNDLE_IDENTIFIER = com.rohmts.swift.LoginView;
				PRODUCT_NAME = "$(TARGET_NAME)";
				SWIFT_VERSION = 4.0;
				TARGETED_DEVICE_FAMILY = "1,2";
			};
			name = Debug;
		};
		6952F39B212E6FF1002F6882 /* Release */ = {
			isa = XCBuildConfiguration;
			buildSettings = {
				ASSETCATALOG_COMPILER_APPICON_NAME = AppIcon;
				CODE_SIGN_STYLE = Automatic;
				DEVELOPMENT_TEAM = "";
				INFOPLIST_FILE = LoginView/Info.plist;
				LD_RUNPATH_SEARCH_PATHS = (
					"$(inherited)",
					"@executable_path/Frameworks",
				);
				PRODUCT_BUNDLE_IDENTIFIER = com.rohmts.swift.LoginView;
				PRODUCT_NAME = "$(TARGET_NAME)";
				SWIFT_VERSION = 4.0;
				TARGETED_DEVICE_FAMILY = "1,2";
			};
			name = Release;
		};
/* End XCBuildConfiguration section */

/* Begin XCConfigurationList section */
		6952F382212E6FF0002F6882 /* Build configuration list for PBXProject "LoginView" */ = {
			isa = XCConfigurationList;
			buildConfigurations = (
				6952F397212E6FF1002F6882 /* Debug */,
				6952F398212E6FF1002F6882 /* Release */,
			);
			defaultConfigurationIsVisible = 0;
			defaultConfigurationName = Release;
		};
		6952F399212E6FF1002F6882 /* Build configuration list for PBXNativeTarget "LoginView" */ = {
			isa = XCConfigurationList;
			buildConfigurations = (
				6952F39A212E6FF1002F6882 /* Debug */,
				6952F39B212E6FF1002F6882 /* Release */,
			);
			defaultConfigurationIsVisible = 0;
			defaultConfigurationName = Release;
		};
/* End XCConfigurationList section */
	};
	rootObject = 6952F37F212E6FF0002F6882 /* Project object */;
}
